
Microsoft Visual Studio Solution File, Format Version 12.00
# Visual Studio Version 16
VisualStudioVersion = 16.0.31702.278
MinimumVisualStudioVersion = 10.0.40219.1
Project("{FAE04EC0-301F-11D3-BF4B-00C04F79EFBC}") = "ExcelExport", "ExcelExport\ExcelExport.csproj", "{222BD3E4-4038-4BFA-ABC3-8F23700F709A}"
EndProject
Global
	GlobalSection(SolutionConfigurationPlatforms) = preSolution
		Debug|Any CPU = Debug|Any CPU
		Release|Any CPU = Release|Any CPU
	EndGlobalSection
	GlobalSection(ProjectConfigurationPlatforms) = postSolution
		{222BD3E4-4038-4BFA-ABC3-8F23700F709A}.Debug|Any CPU.ActiveCfg = Debug|Any CPU
		{222BD3E4-4038-4BFA-ABC3-8F23700F709A}.Debug|Any CPU.Build.0 = Debug|Any CPU
		{222BD3E4-4038-4BFA-ABC3-8F23700F709A}.Release|Any CPU.ActiveCfg = Release|Any CPU
		{222BD3E4-4038-4BFA-ABC3-8F23700F709A}.Release|Any CPU.Build.0 = Release|Any CPU
	EndGlobalSection
	GlobalSection(SolutionProperties) = preSolution
		HideSolutionNode = FALSE
	EndGlobalSection
	GlobalSection(ExtensibilityGlobals) = postSolution
		SolutionGuid = {BB623E9B-A524-47C7-99F2-A1103A0D7A2D}
	EndGlobalSection
EndGlobal
