
Microsoft Visual Studio Solution File, Format Version 12.00
# Visual Studio Version 16
VisualStudioVersion = 16.0.31702.278
MinimumVisualStudioVersion = 10.0.40219.1
Project("{FAE04EC0-301F-11D3-BF4B-00C04F79EFBC}") = "WorldsHardestGame", "WorldsHardestGame\WorldsHardestGame.csproj", "{66AC67B4-2F16-4B57-939B-DB2B4AF518F2}"
EndProject
Global
	GlobalSection(SolutionConfigurationPlatforms) = preSolution
		Debug|Any CPU = Debug|Any CPU
		Release|Any CPU = Release|Any CPU
	EndGlobalSection
	GlobalSection(ProjectConfigurationPlatforms) = postSolution
		{66AC67B4-2F16-4B57-939B-DB2B4AF518F2}.Debug|Any CPU.ActiveCfg = Debug|Any CPU
		{66AC67B4-2F16-4B57-939B-DB2B4AF518F2}.Debug|Any CPU.Build.0 = Debug|Any CPU
		{66AC67B4-2F16-4B57-939B-DB2B4AF518F2}.Release|Any CPU.ActiveCfg = Release|Any CPU
		{66AC67B4-2F16-4B57-939B-DB2B4AF518F2}.Release|Any CPU.Build.0 = Release|Any CPU
	EndGlobalSection
	GlobalSection(SolutionProperties) = preSolution
		HideSolutionNode = FALSE
	EndGlobalSection
	GlobalSection(ExtensibilityGlobals) = postSolution
		SolutionGuid = {827E7839-1B69-400F-870E-024F4116D0D2}
	EndGlobalSection
EndGlobal
